
Microsoft Visual Studio Solution File, Format Version 12.00
# Visual Studio Version 17
VisualStudioVersion = 17.10.35027.167
MinimumVisualStudioVersion = 10.0.40219.1
Project("{8BC9CEB8-8B4A-11D0-8D11-00A0C91BC942}") = "PathOfBuilding-Launcher", "PathOfBuilding-Launcher.vcxproj", "{3772AF5F-3866-4768-994A-AB8B1647DBD8}"
EndProject
Global
	GlobalSection(SolutionConfigurationPlatforms) = preSolution
		Debug|x64 = Debug|x64
		Debug|x86 = Debug|x86
		Debug-PoE2|x64 = Debug-PoE2|x64
		Debug-PoE2|x86 = Debug-PoE2|x86
		Release|x64 = Release|x64
		Release|x86 = Release|x86
		Release-PoE2|x64 = Release-PoE2|x64
		Release-PoE2|x86 = Release-PoE2|x86
	EndGlobalSection
	GlobalSection(ProjectConfigurationPlatforms) = postSolution
		{3772AF5F-3866-4768-994A-AB8B1647DBD8}.Debug|x64.ActiveCfg = Debug|x64
		{3772AF5F-3866-4768-994A-AB8B1647DBD8}.Debug|x64.Build.0 = Debug|x64
		{3772AF5F-3866-4768-994A-AB8B1647DBD8}.Debug|x86.ActiveCfg = Debug|Win32
		{3772AF5F-3866-4768-994A-AB8B1647DBD8}.Debug|x86.Build.0 = Debug|Win32
		{3772AF5F-3866-4768-994A-AB8B1647DBD8}.Debug-PoE2|x64.ActiveCfg = Debug-PoE2|x64
		{3772AF5F-3866-4768-994A-AB8B1647DBD8}.Debug-PoE2|x64.Build.0 = Debug-PoE2|x64
		{3772AF5F-3866-4768-994A-AB8B1647DBD8}.Debug-PoE2|x86.ActiveCfg = Debug-PoE2|Win32
		{3772AF5F-3866-4768-994A-AB8B1647DBD8}.Debug-PoE2|x86.Build.0 = Debug-PoE2|Win32
		{3772AF5F-3866-4768-994A-AB8B1647DBD8}.Release|x64.ActiveCfg = Release|x64
		{3772AF5F-3866-4768-994A-AB8B1647DBD8}.Release|x64.Build.0 = Release|x64
		{3772AF5F-3866-4768-994A-AB8B1647DBD8}.Release|x86.ActiveCfg = Release|Win32
		{3772AF5F-3866-4768-994A-AB8B1647DBD8}.Release|x86.Build.0 = Release|Win32
		{3772AF5F-3866-4768-994A-AB8B1647DBD8}.Release-PoE2|x64.ActiveCfg = Release-PoE2|x64
		{3772AF5F-3866-4768-994A-AB8B1647DBD8}.Release-PoE2|x64.Build.0 = Release-PoE2|x64
		{3772AF5F-3866-4768-994A-AB8B1647DBD8}.Release-PoE2|x86.ActiveCfg = Release-PoE2|Win32
		{3772AF5F-3866-4768-994A-AB8B1647DBD8}.Release-PoE2|x86.Build.0 = Release-PoE2|Win32
	EndGlobalSection
	GlobalSection(SolutionProperties) = preSolution
		HideSolutionNode = FALSE
	EndGlobalSection
	GlobalSection(ExtensibilityGlobals) = postSolution
		SolutionGuid = {A0FE2D6D-7AA7-46E0-B351-DAB8D4F2CD68}
	EndGlobalSection
EndGlobal
